// !$*UTF8*$!
{
	archiveVersion = 1;
	classes = {
	};
	objectVersion = 48;
	objects = {

/* Begin PBXBuildFile section */
		6DC92A3F1FEBA390004B448B /* AppDelegate.swift in Sources */ = {isa = PBXBuildFile; fileRef = 6DC92A3E1FEBA390004B448B /* AppDelegate.swift */; };
		6DC92A411FEBA390004B448B /* ViewController.swift in Sources */ = {isa = PBXBuildFile; fileRef = 6DC92A401FEBA390004B448B /* ViewController.swift */; };
		6DC92A441FEBA390004B448B /* Main.storyboard in Resources */ = {isa = PBXBuildFile; fileRef = 6DC92A421FEBA390004B448B /* Main.storyboard */; };
		6DC92A461FEBA390004B448B /* Assets.xcassets in Resources */ = {isa = PBXBuildFile; fileRef = 6DC92A451FEBA390004B448B /* Assets.xcassets */; };
		6DC92A491FEBA390004B448B /* LaunchScreen.storyboard in Resources */ = {isa = PBXBuildFile; fileRef = 6DC92A471FEBA390004B448B /* LaunchScreen.storyboard */; };
		6DC92A511FEBA749004B448B /* SecondController.swift in Sources */ = {isa = PBXBuildFile; fileRef = 6DC92A501FEBA749004B448B /* SecondController.swift */; };
/* End PBXBuildFile section */

/* Begin PBXFileReference section */
		6DC92A3B1FEBA390004B448B /* TablesEx1.app */ = {isa = PBXFileReference; explicitFileType = wrapper.application; includeInIndex = 0; path = TablesEx1.app; sourceTree = BUILT_PRODUCTS_DIR; };
		6DC92A3E1FEBA390004B448B /* AppDelegate.swift */ = {isa = PBXFileReference; lastKnownFileType = sourcecode.swift; path = AppDelegate.swift; sourceTree = "<group>"; };
		6DC92A401FEBA390004B448B /* ViewController.swift */ = {isa = PBXFileReference; lastKnownFileType = sourcecode.swift; path = ViewController.swift; sourceTree = "<group>"; };
		6DC92A431FEBA390004B448B /* Base */ = {isa = PBXFileReference; lastKnownFileType = file.storyboard; name = Base; path = Base.lproj/Main.storyboard; sourceTree = "<group>"; };
		6DC92A451FEBA390004B448B /* Assets.xcassets */ = {isa = PBXFileReference; lastKnownFileType = folder.assetcatalog; path = Assets.xcassets; sourceTree = "<group>"; };
		6DC92A481FEBA390004B448B /* Base */ = {isa = PBXFileReference; lastKnownFileType = file.storyboard; name = Base; path = Base.lproj/LaunchScreen.storyboard; sourceTree = "<group>"; };
		6DC92A4A1FEBA390004B448B /* Info.plist */ = {isa = PBXFileReference; lastKnownFileType = text.plist.xml; path = Info.plist; sourceTree = "<group>"; };
		6DC92A501FEBA749004B448B /* SecondController.swift */ = {isa = PBXFileReference; lastKnownFileType = sourcecode.swift; path = SecondController.swift; sourceTree = "<group>"; };
/* End PBXFileReference section */

/* Begin PBXFrameworksBuildPhase section */
		6DC92A381FEBA390004B448B /* Frameworks */ = {
			isa = PBXFrameworksBuildPhase;
			buildActionMask = 2147483647;
			files = (
			);
			runOnlyForDeploymentPostprocessing = 0;
		};
/* End PBXFrameworksBuildPhase section */

/* Begin PBXGroup section */
		6DC92A321FEBA390004B448B = {
			isa = PBXGroup;
			children = (
				6DC92A3D1FEBA390004B448B /* TablesEx1 */,
				6DC92A3C1FEBA390004B448B /* Products */,
			);
			sourceTree = "<group>";
		};
		6DC92A3C1FEBA390004B448B /* Products */ = {
			isa = PBXGroup;
			children = (
				6DC92A3B1FEBA390004B448B /* TablesEx1.app */,
			);
			name = Products;
			sourceTree = "<group>";
		};
		6DC92A3D1FEBA390004B448B /* TablesEx1 */ = {
			isa = PBXGroup;
			children = (
				6DC92A3E1FEBA390004B448B /* AppDelegate.swift */,
				6DC92A401FEBA390004B448B /* ViewController.swift */,
				6DC92A501FEBA749004B448B /* SecondController.swift */,
				6DC92A421FEBA390004B448B /* Main.storyboard */,
				6DC92A451FEBA390004B448B /* Assets.xcassets */,
				6DC92A471FEBA390004B448B /* LaunchScreen.storyboard */,
				6DC92A4A1FEBA390004B448B /* Info.plist */,
			);
			path = TablesEx1;
			sourceTree = "<group>";
		};
/* End PBXGroup section */

/* Begin PBXNativeTarget section */
		6DC92A3A1FEBA390004B448B /* TablesEx1 */ = {
			isa = PBXNativeTarget;
			buildConfigurationList = 6DC92A4D1FEBA390004B448B /* Build configuration list for PBXNativeTarget "TablesEx1" */;
			buildPhases = (
				6DC92A371FEBA390004B448B /* Sources */,
				6DC92A381FEBA390004B448B /* Frameworks */,
				6DC92A391FEBA390004B448B /* Resources */,
			);
			buildRules = (
			);
			dependencies = (
			);
			name = TablesEx1;
			productName = TablesEx1;
			productReference = 6DC92A3B1FEBA390004B448B /* TablesEx1.app */;
			productType = "com.apple.product-type.application";
		};
/* End PBXNativeTarget section */

/* Begin PBXProject section */
		6DC92A331FEBA390004B448B /* Project object */ = {
			isa = PBXProject;
			attributes = {
				LastSwiftUpdateCheck = 0910;
				LastUpgradeCheck = 0910;
				ORGANIZATIONNAME = iOSHairDesign;
				TargetAttributes = {
					6DC92A3A1FEBA390004B448B = {
						CreatedOnToolsVersion = 9.1;
						ProvisioningStyle = Automatic;
					};
				};
			};
			buildConfigurationList = 6DC92A361FEBA390004B448B /* Build configuration list for PBXProject "TablesEx1" */;
			compatibilityVersion = "Xcode 8.0";
			developmentRegion = en;
			hasScannedForEncodings = 0;
			knownRegions = (
				en,
				Base,
			);
			mainGroup = 6DC92A321FEBA390004B448B;
			productRefGroup = 6DC92A3C1FEBA390004B448B /* Products */;
			projectDirPath = "";
			projectRoot = "";
			targets = (
				6DC92A3A1FEBA390004B448B /* TablesEx1 */,
			);
		};
/* End PBXProject section */

/* Begin PBXResourcesBuildPhase section */
		6DC92A391FEBA390004B448B /* Resources */ = {
			isa = PBXResourcesBuildPhase;
			buildActionMask = 2147483647;
			files = (
				6DC92A491FEBA390004B448B /* LaunchScreen.storyboard in Resources */,
				6DC92A461FEBA390004B448B /* Assets.xcassets in Resources */,
				6DC92A441FEBA390004B448B /* Main.storyboard in Resources */,
			);
			runOnlyForDeploymentPostprocessing = 0;
		};
/* End PBXResourcesBuildPhase section */

/* Begin PBXSourcesBuildPhase section */
		6DC92A371FEBA390004B448B /* Sources */ = {
			isa = PBXSourcesBuildPhase;
			buildActionMask = 2147483647;
			files = (
				6DC92A511FEBA749004B448B /* SecondController.swift in Sources */,
				6DC92A411FEBA390004B448B /* ViewController.swift in Sources */,
				6DC92A3F1FEBA390004B448B /* AppDelegate.swift in Sources */,
			);
			runOnlyForDeploymentPostprocessing = 0;
		};
/* End PBXSourcesBuildPhase section */

/* Begin PBXVariantGroup section */
		6DC92A421FEBA390004B448B /* Main.storyboard */ = {
			isa = PBXVariantGroup;
			children = (
				6DC92A431FEBA390004B448B /* Base */,
			);
			name = Main.storyboard;
			sourceTree = "<group>";
		};
		6DC92A471FEBA390004B448B /* LaunchScreen.storyboard */ = {
			isa = PBXVariantGroup;
			children = (
				6DC92A481FEBA390004B448B /* Base */,
			);
			name = LaunchScreen.storyboard;
			sourceTree = "<group>";
		};
/* End PBXVariantGroup section */

/* Begin XCBuildConfiguration section */
		6DC92A4B1FEBA390004B448B /* Debug */ = {
			isa = XCBuildConfiguration;
			buildSettings = {
				ALWAYS_SEARCH_USER_PATHS = NO;
				CLANG_ANALYZER_NONNULL = YES;
				CLANG_ANALYZER_NUMBER_OBJECT_CONVERSION = YES_AGGRESSIVE;
				CLANG_CXX_LANGUAGE_STANDARD = "gnu++14";
				CLANG_CXX_LIBRARY = "libc++";
				CLANG_ENABLE_MODULES = YES;
				CLANG_ENABLE_OBJC_ARC = YES;
				CLANG_WARN_BLOCK_CAPTURE_AUTORELEASING = YES;
				CLANG_WARN_BOOL_CONVERSION = YES;
				CLANG_WARN_COMMA = YES;
				CLANG_WARN_CONSTANT_CONVERSION = YES;
				CLANG_WARN_DIRECT_OBJC_ISA_USAGE = YES_ERROR;
				CLANG_WARN_DOCUMENTATION_COMMENTS = YES;
				CLANG_WARN_EMPTY_BODY = YES;
				CLANG_WARN_ENUM_CONVERSION = YES;
				CLANG_WARN_INFINITE_RECURSION = YES;
				CLANG_WARN_INT_CONVERSION = YES;
				CLANG_WARN_NON_LITERAL_NULL_CONVERSION = YES;
				CLANG_WARN_OBJC_LITERAL_CONVERSION = YES;
				CLANG_WARN_OBJC_ROOT_CLASS = YES_ERROR;
				CLANG_WARN_RANGE_LOOP_ANALYSIS = YES;
				CLANG_WARN_STRICT_PROTOTYPES = YES;
				CLANG_WARN_SUSPICIOUS_MOVE = YES;
				CLANG_WARN_UNGUARDED_AVAILABILITY = YES_AGGRESSIVE;
				CLANG_WARN_UNREACHABLE_CODE = YES;
				CLANG_WARN__DUPLICATE_METHOD_MATCH = YES;
				CODE_SIGN_IDENTITY = "iPhone Developer";
				COPY_PHASE_STRIP = NO;
				DEBUG_INFORMATION_FORMAT = dwarf;
				ENABLE_STRICT_OBJC_MSGSEND = YES;
				ENABLE_TESTABILITY = YES;
				GCC_C_LANGUAGE_STANDARD = gnu11;
				GCC_DYNAMIC_NO_PIC = NO;
				GCC_NO_COMMON_BLOCKS = YES;
				GCC_OPTIMIZATION_LEVEL = 0;
				GCC_PREPROCESSOR_DEFINITIONS = (
					"DEBUG=1",
					"$(inherited)",
				);
				GCC_WARN_64_TO_32_BIT_CONVERSION = YES;
				GCC_WARN_ABOUT_RETURN_TYPE = YES_ERROR;
				GCC_WARN_UNDECLARED_SELECTOR = YES;
				GCC_WARN_UNINITIALIZED_AUTOS = YES_AGGRESSIVE;
				GCC_WARN_UNUSED_FUNCTION = YES;
				GCC_WARN_UNUSED_VARIABLE = YES;
				IPHONEOS_DEPLOYMENT_TARGET = 11.1;
				MTL_ENABLE_DEBUG_INFO = YES;
				ONLY_ACTIVE_ARCH = YES;
				SDKROOT = iphoneos;
				SWIFT_ACTIVE_COMPILATION_CONDITIONS = DEBUG;
				SWIFT_OPTIMIZATION_LEVEL = "-Onone";
			};
			name = Debug;
		};
		6DC92A4C1FEBA390004B448B /* Release */ = {
			isa = XCBuildConfiguration;
			buildSettings = {
				ALWAYS_SEARCH_USER_PATHS = NO;
				CLANG_ANALYZER_NONNULL = YES;
				CLANG_ANALYZER_NUMBER_OBJECT_CONVERSION = YES_AGGRESSIVE;
				CLANG_CXX_LANGUAGE_STANDARD = "gnu++14";
				CLANG_CXX_LIBRARY = "libc++";
				CLANG_ENABLE_MODULES = YES;
				CLANG_ENABLE_OBJC_ARC = YES;
				CLANG_WARN_BLOCK_CAPTURE_AUTORELEASING = YES;
				CLANG_WARN_BOOL_CONVERSION = YES;
				CLANG_WARN_COMMA = YES;
				CLANG_WARN_CONSTANT_CONVERSION = YES;
				CLANG_WARN_DIRECT_OBJC_ISA_USAGE = YES_ERROR;
				CLANG_WARN_DOCUMENTATION_COMMENTS = YES;
				CLANG_WARN_EMPTY_BODY = YES;
				CLANG_WARN_ENUM_CONVERSION = YES;
				CLANG_WARN_INFINITE_RECURSION = YES;
				CLANG_WARN_INT_CONVERSION = YES;
				CLANG_WARN_NON_LITERAL_NULL_CONVERSION = YES;
				CLANG_WARN_OBJC_LITERAL_CONVERSION = YES;
				CLANG_WARN_OBJC_ROOT_CLASS = YES_ERROR;
				CLANG_WARN_RANGE_LOOP_ANALYSIS = YES;
				CLANG_WARN_STRICT_PROTOTYPES = YES;
				CLANG_WARN_SUSPICIOUS_MOVE = YES;
				CLANG_WARN_UNGUARDED_AVAILABILITY = YES_AGGRESSIVE;
				CLANG_WARN_UNREACHABLE_CODE = YES;
				CLANG_WARN__DUPLICATE_METHOD_MATCH = YES;
				CODE_SIGN_IDENTITY = "iPhone Developer";
				COPY_PHASE_STRIP = NO;
				DEBUG_INFORMATION_FORMAT = "dwarf-with-dsym";
				ENABLE_NS_ASSERTIONS = NO;
				ENABLE_STRICT_OBJC_MSGSEND = YES;
				GCC_C_LANGUAGE_STANDARD = gnu11;
				GCC_NO_COMMON_BLOCKS = YES;
				GCC_WARN_64_TO_32_BIT_CONVERSION = YES;
				GCC_WARN_ABOUT_RETURN_TYPE = YES_ERROR;
				GCC_WARN_UNDECLARED_SELECTOR = YES;
				GCC_WARN_UNINITIALIZED_AUTOS = YES_AGGRESSIVE;
				GCC_WARN_UNUSED_FUNCTION = YES;
				GCC_WARN_UNUSED_VARIABLE = YES;
				IPHONEOS_DEPLOYMENT_TARGET = 11.1;
				MTL_ENABLE_DEBUG_INFO = NO;
				SDKROOT = iphoneos;
				SWIFT_OPTIMIZATION_LEVEL = "-Owholemodule";
				VALIDATE_PRODUCT = YES;
			};
			name = Release;
		};
		6DC92A4E1FEBA390004B448B /* Debug */ = {
			isa = XCBuildConfiguration;
			buildSettings = {
				ASSETCATALOG_COMPILER_APPICON_NAME = AppIcon;
				CODE_SIGN_STYLE = Automatic;
				INFOPLIST_FILE = TablesEx1/Info.plist;
				LD_RUNPATH_SEARCH_PATHS = "$(inherited) @executable_path/Frameworks";
				PRODUCT_BUNDLE_IDENTIFIER = ios.hair.design.TablesEx1;
				PRODUCT_NAME = "$(TARGET_NAME)";
				SWIFT_VERSION = 4.0;
				TARGETED_DEVICE_FAMILY = "1,2";
			};
			name = Debug;
		};
		6DC92A4F1FEBA390004B448B /* Release */ = {
			isa = XCBuildConfiguration;
			buildSettings = {
				ASSETCATALOG_COMPILER_APPICON_NAME = AppIcon;
				CODE_SIGN_STYLE = Automatic;
				INFOPLIST_FILE = TablesEx1/Info.plist;
				LD_RUNPATH_SEARCH_PATHS = "$(inherited) @executable_path/Frameworks";
				PRODUCT_BUNDLE_IDENTIFIER = ios.hair.design.TablesEx1;
				PRODUCT_NAME = "$(TARGET_NAME)";
				SWIFT_VERSION = 4.0;
				TARGETED_DEVICE_FAMILY = "1,2";
			};
			name = Release;
		};
/* End XCBuildConfiguration section */

/* Begin XCConfigurationList section */
		6DC92A361FEBA390004B448B /* Build configuration list for PBXProject "TablesEx1" */ = {
			isa = XCConfigurationList;
			buildConfigurations = (
				6DC92A4B1FEBA390004B448B /* Debug */,
				6DC92A4C1FEBA390004B448B /* Release */,
			);
			defaultConfigurationIsVisible = 0;
			defaultConfigurationName = Release;
		};
		6DC92A4D1FEBA390004B448B /* Build configuration list for PBXNativeTarget "TablesEx1" */ = {
			isa = XCConfigurationList;
			buildConfigurations = (
				6DC92A4E1FEBA390004B448B /* Debug */,
				6DC92A4F1FEBA390004B448B /* Release */,
			);
			defaultConfigurationIsVisible = 0;
			defaultConfigurationName = Release;
		};
/* End XCConfigurationList section */
	};
	rootObject = 6DC92A331FEBA390004B448B /* Project object */;
}
