// !$*UTF8*$!
{
	archiveVersion = 1;
	classes = {
	};
	objectVersion = 48;
	objects = {

/* Begin PBXBuildFile section */
		6DE5BCA91FE2B84A00D81BBB /* AppDelegate.swift in Sources */ = {isa = PBXBuildFile; fileRef = 6DE5BCA81FE2B84A00D81BBB /* AppDelegate.swift */; };
		6DE5BCAB1FE2B84A00D81BBB /* ViewController.swift in Sources */ = {isa = PBXBuildFile; fileRef = 6DE5BCAA1FE2B84A00D81BBB /* ViewController.swift */; };
		6DE5BCAE1FE2B84A00D81BBB /* Main.storyboard in Resources */ = {isa = PBXBuildFile; fileRef = 6DE5BCAC1FE2B84A00D81BBB /* Main.storyboard */; };
		6DE5BCB01FE2B84A00D81BBB /* Assets.xcassets in Resources */ = {isa = PBXBuildFile; fileRef = 6DE5BCAF1FE2B84A00D81BBB /* Assets.xcassets */; };
		6DE5BCB31FE2B84A00D81BBB /* LaunchScreen.storyboard in Resources */ = {isa = PBXBuildFile; fileRef = 6DE5BCB11FE2B84A00D81BBB /* LaunchScreen.storyboard */; };
/* End PBXBuildFile section */

/* Begin PBXFileReference section */
		6DE5BCA51FE2B84A00D81BBB /* ScreensEx1.app */ = {isa = PBXFileReference; explicitFileType = wrapper.application; includeInIndex = 0; path = ScreensEx1.app; sourceTree = BUILT_PRODUCTS_DIR; };
		6DE5BCA81FE2B84A00D81BBB /* AppDelegate.swift */ = {isa = PBXFileReference; lastKnownFileType = sourcecode.swift; path = AppDelegate.swift; sourceTree = "<group>"; };
		6DE5BCAA1FE2B84A00D81BBB /* ViewController.swift */ = {isa = PBXFileReference; lastKnownFileType = sourcecode.swift; path = ViewController.swift; sourceTree = "<group>"; };
		6DE5BCAD1FE2B84A00D81BBB /* Base */ = {isa = PBXFileReference; lastKnownFileType = file.storyboard; name = Base; path = Base.lproj/Main.storyboard; sourceTree = "<group>"; };
		6DE5BCAF1FE2B84A00D81BBB /* Assets.xcassets */ = {isa = PBXFileReference; lastKnownFileType = folder.assetcatalog; path = Assets.xcassets; sourceTree = "<group>"; };
		6DE5BCB21FE2B84A00D81BBB /* Base */ = {isa = PBXFileReference; lastKnownFileType = file.storyboard; name = Base; path = Base.lproj/LaunchScreen.storyboard; sourceTree = "<group>"; };
		6DE5BCB41FE2B84A00D81BBB /* Info.plist */ = {isa = PBXFileReference; lastKnownFileType = text.plist.xml; path = Info.plist; sourceTree = "<group>"; };
/* End PBXFileReference section */

/* Begin PBXFrameworksBuildPhase section */
		6DE5BCA21FE2B84A00D81BBB /* Frameworks */ = {
			isa = PBXFrameworksBuildPhase;
			buildActionMask = 2147483647;
			files = (
			);
			runOnlyForDeploymentPostprocessing = 0;
		};
/* End PBXFrameworksBuildPhase section */

/* Begin PBXGroup section */
		6DE5BC9C1FE2B84A00D81BBB = {
			isa = PBXGroup;
			children = (
				6DE5BCA71FE2B84A00D81BBB /* ScreensEx1 */,
				6DE5BCA61FE2B84A00D81BBB /* Products */,
			);
			sourceTree = "<group>";
		};
		6DE5BCA61FE2B84A00D81BBB /* Products */ = {
			isa = PBXGroup;
			children = (
				6DE5BCA51FE2B84A00D81BBB /* ScreensEx1.app */,
			);
			name = Products;
			sourceTree = "<group>";
		};
		6DE5BCA71FE2B84A00D81BBB /* ScreensEx1 */ = {
			isa = PBXGroup;
			children = (
				6DE5BCA81FE2B84A00D81BBB /* AppDelegate.swift */,
				6DE5BCAA1FE2B84A00D81BBB /* ViewController.swift */,
				6DE5BCAC1FE2B84A00D81BBB /* Main.storyboard */,
				6DE5BCAF1FE2B84A00D81BBB /* Assets.xcassets */,
				6DE5BCB11FE2B84A00D81BBB /* LaunchScreen.storyboard */,
				6DE5BCB41FE2B84A00D81BBB /* Info.plist */,
			);
			path = ScreensEx1;
			sourceTree = "<group>";
		};
/* End PBXGroup section */

/* Begin PBXNativeTarget section */
		6DE5BCA41FE2B84A00D81BBB /* ScreensEx1 */ = {
			isa = PBXNativeTarget;
			buildConfigurationList = 6DE5BCB71FE2B84A00D81BBB /* Build configuration list for PBXNativeTarget "ScreensEx1" */;
			buildPhases = (
				6DE5BCA11FE2B84A00D81BBB /* Sources */,
				6DE5BCA21FE2B84A00D81BBB /* Frameworks */,
				6DE5BCA31FE2B84A00D81BBB /* Resources */,
			);
			buildRules = (
			);
			dependencies = (
			);
			name = ScreensEx1;
			productName = ScreensEx1;
			productReference = 6DE5BCA51FE2B84A00D81BBB /* ScreensEx1.app */;
			productType = "com.apple.product-type.application";
		};
/* End PBXNativeTarget section */

/* Begin PBXProject section */
		6DE5BC9D1FE2B84A00D81BBB /* Project object */ = {
			isa = PBXProject;
			attributes = {
				LastSwiftUpdateCheck = 0910;
				LastUpgradeCheck = 0910;
				ORGANIZATIONNAME = iOSHairDesign;
				TargetAttributes = {
					6DE5BCA41FE2B84A00D81BBB = {
						CreatedOnToolsVersion = 9.1;
						ProvisioningStyle = Automatic;
					};
				};
			};
			buildConfigurationList = 6DE5BCA01FE2B84A00D81BBB /* Build configuration list for PBXProject "ScreensEx1" */;
			compatibilityVersion = "Xcode 8.0";
			developmentRegion = en;
			hasScannedForEncodings = 0;
			knownRegions = (
				en,
				Base,
			);
			mainGroup = 6DE5BC9C1FE2B84A00D81BBB;
			productRefGroup = 6DE5BCA61FE2B84A00D81BBB /* Products */;
			projectDirPath = "";
			projectRoot = "";
			targets = (
				6DE5BCA41FE2B84A00D81BBB /* ScreensEx1 */,
			);
		};
/* End PBXProject section */

/* Begin PBXResourcesBuildPhase section */
		6DE5BCA31FE2B84A00D81BBB /* Resources */ = {
			isa = PBXResourcesBuildPhase;
			buildActionMask = 2147483647;
			files = (
				6DE5BCB31FE2B84A00D81BBB /* LaunchScreen.storyboard in Resources */,
				6DE5BCB01FE2B84A00D81BBB /* Assets.xcassets in Resources */,
				6DE5BCAE1FE2B84A00D81BBB /* Main.storyboard in Resources */,
			);
			runOnlyForDeploymentPostprocessing = 0;
		};
/* End PBXResourcesBuildPhase section */

/* Begin PBXSourcesBuildPhase section */
		6DE5BCA11FE2B84A00D81BBB /* Sources */ = {
			isa = PBXSourcesBuildPhase;
			buildActionMask = 2147483647;
			files = (
				6DE5BCAB1FE2B84A00D81BBB /* ViewController.swift in Sources */,
				6DE5BCA91FE2B84A00D81BBB /* AppDelegate.swift in Sources */,
			);
			runOnlyForDeploymentPostprocessing = 0;
		};
/* End PBXSourcesBuildPhase section */

/* Begin PBXVariantGroup section */
		6DE5BCAC1FE2B84A00D81BBB /* Main.storyboard */ = {
			isa = PBXVariantGroup;
			children = (
				6DE5BCAD1FE2B84A00D81BBB /* Base */,
			);
			name = Main.storyboard;
			sourceTree = "<group>";
		};
		6DE5BCB11FE2B84A00D81BBB /* LaunchScreen.storyboard */ = {
			isa = PBXVariantGroup;
			children = (
				6DE5BCB21FE2B84A00D81BBB /* Base */,
			);
			name = LaunchScreen.storyboard;
			sourceTree = "<group>";
		};
/* End PBXVariantGroup section */

/* Begin XCBuildConfiguration section */
		6DE5BCB51FE2B84A00D81BBB /* Debug */ = {
			isa = XCBuildConfiguration;
			buildSettings = {
				ALWAYS_SEARCH_USER_PATHS = NO;
				CLANG_ANALYZER_NONNULL = YES;
				CLANG_ANALYZER_NUMBER_OBJECT_CONVERSION = YES_AGGRESSIVE;
				CLANG_CXX_LANGUAGE_STANDARD = "gnu++14";
				CLANG_CXX_LIBRARY = "libc++";
				CLANG_ENABLE_MODULES = YES;
				CLANG_ENABLE_OBJC_ARC = YES;
				CLANG_WARN_BLOCK_CAPTURE_AUTORELEASING = YES;
				CLANG_WARN_BOOL_CONVERSION = YES;
				CLANG_WARN_COMMA = YES;
				CLANG_WARN_CONSTANT_CONVERSION = YES;
				CLANG_WARN_DIRECT_OBJC_ISA_USAGE = YES_ERROR;
				CLANG_WARN_DOCUMENTATION_COMMENTS = YES;
				CLANG_WARN_EMPTY_BODY = YES;
				CLANG_WARN_ENUM_CONVERSION = YES;
				CLANG_WARN_INFINITE_RECURSION = YES;
				CLANG_WARN_INT_CONVERSION = YES;
				CLANG_WARN_NON_LITERAL_NULL_CONVERSION = YES;
				CLANG_WARN_OBJC_LITERAL_CONVERSION = YES;
				CLANG_WARN_OBJC_ROOT_CLASS = YES_ERROR;
				CLANG_WARN_RANGE_LOOP_ANALYSIS = YES;
				CLANG_WARN_STRICT_PROTOTYPES = YES;
				CLANG_WARN_SUSPICIOUS_MOVE = YES;
				CLANG_WARN_UNGUARDED_AVAILABILITY = YES_AGGRESSIVE;
				CLANG_WARN_UNREACHABLE_CODE = YES;
				CLANG_WARN__DUPLICATE_METHOD_MATCH = YES;
				CODE_SIGN_IDENTITY = "iPhone Developer";
				COPY_PHASE_STRIP = NO;
				DEBUG_INFORMATION_FORMAT = dwarf;
				ENABLE_STRICT_OBJC_MSGSEND = YES;
				ENABLE_TESTABILITY = YES;
				GCC_C_LANGUAGE_STANDARD = gnu11;
				GCC_DYNAMIC_NO_PIC = NO;
				GCC_NO_COMMON_BLOCKS = YES;
				GCC_OPTIMIZATION_LEVEL = 0;
				GCC_PREPROCESSOR_DEFINITIONS = (
					"DEBUG=1",
					"$(inherited)",
				);
				GCC_WARN_64_TO_32_BIT_CONVERSION = YES;
				GCC_WARN_ABOUT_RETURN_TYPE = YES_ERROR;
				GCC_WARN_UNDECLARED_SELECTOR = YES;
				GCC_WARN_UNINITIALIZED_AUTOS = YES_AGGRESSIVE;
				GCC_WARN_UNUSED_FUNCTION = YES;
				GCC_WARN_UNUSED_VARIABLE = YES;
				IPHONEOS_DEPLOYMENT_TARGET = 11.1;
				MTL_ENABLE_DEBUG_INFO = YES;
				ONLY_ACTIVE_ARCH = YES;
				SDKROOT = iphoneos;
				SWIFT_ACTIVE_COMPILATION_CONDITIONS = DEBUG;
				SWIFT_OPTIMIZATION_LEVEL = "-Onone";
			};
			name = Debug;
		};
		6DE5BCB61FE2B84A00D81BBB /* Release */ = {
			isa = XCBuildConfiguration;
			buildSettings = {
				ALWAYS_SEARCH_USER_PATHS = NO;
				CLANG_ANALYZER_NONNULL = YES;
				CLANG_ANALYZER_NUMBER_OBJECT_CONVERSION = YES_AGGRESSIVE;
				CLANG_CXX_LANGUAGE_STANDARD = "gnu++14";
				CLANG_CXX_LIBRARY = "libc++";
				CLANG_ENABLE_MODULES = YES;
				CLANG_ENABLE_OBJC_ARC = YES;
				CLANG_WARN_BLOCK_CAPTURE_AUTORELEASING = YES;
				CLANG_WARN_BOOL_CONVERSION = YES;
				CLANG_WARN_COMMA = YES;
				CLANG_WARN_CONSTANT_CONVERSION = YES;
				CLANG_WARN_DIRECT_OBJC_ISA_USAGE = YES_ERROR;
				CLANG_WARN_DOCUMENTATION_COMMENTS = YES;
				CLANG_WARN_EMPTY_BODY = YES;
				CLANG_WARN_ENUM_CONVERSION = YES;
				CLANG_WARN_INFINITE_RECURSION = YES;
				CLANG_WARN_INT_CONVERSION = YES;
				CLANG_WARN_NON_LITERAL_NULL_CONVERSION = YES;
				CLANG_WARN_OBJC_LITERAL_CONVERSION = YES;
				CLANG_WARN_OBJC_ROOT_CLASS = YES_ERROR;
				CLANG_WARN_RANGE_LOOP_ANALYSIS = YES;
				CLANG_WARN_STRICT_PROTOTYPES = YES;
				CLANG_WARN_SUSPICIOUS_MOVE = YES;
				CLANG_WARN_UNGUARDED_AVAILABILITY = YES_AGGRESSIVE;
				CLANG_WARN_UNREACHABLE_CODE = YES;
				CLANG_WARN__DUPLICATE_METHOD_MATCH = YES;
				CODE_SIGN_IDENTITY = "iPhone Developer";
				COPY_PHASE_STRIP = NO;
				DEBUG_INFORMATION_FORMAT = "dwarf-with-dsym";
				ENABLE_NS_ASSERTIONS = NO;
				ENABLE_STRICT_OBJC_MSGSEND = YES;
				GCC_C_LANGUAGE_STANDARD = gnu11;
				GCC_NO_COMMON_BLOCKS = YES;
				GCC_WARN_64_TO_32_BIT_CONVERSION = YES;
				GCC_WARN_ABOUT_RETURN_TYPE = YES_ERROR;
				GCC_WARN_UNDECLARED_SELECTOR = YES;
				GCC_WARN_UNINITIALIZED_AUTOS = YES_AGGRESSIVE;
				GCC_WARN_UNUSED_FUNCTION = YES;
				GCC_WARN_UNUSED_VARIABLE = YES;
				IPHONEOS_DEPLOYMENT_TARGET = 11.1;
				MTL_ENABLE_DEBUG_INFO = NO;
				SDKROOT = iphoneos;
				SWIFT_OPTIMIZATION_LEVEL = "-Owholemodule";
				VALIDATE_PRODUCT = YES;
			};
			name = Release;
		};
		6DE5BCB81FE2B84A00D81BBB /* Debug */ = {
			isa = XCBuildConfiguration;
			buildSettings = {
				ASSETCATALOG_COMPILER_APPICON_NAME = AppIcon;
				CODE_SIGN_STYLE = Automatic;
				INFOPLIST_FILE = ScreensEx1/Info.plist;
				LD_RUNPATH_SEARCH_PATHS = "$(inherited) @executable_path/Frameworks";
				PRODUCT_BUNDLE_IDENTIFIER = ios.hair.design.ScreensEx1;
				PRODUCT_NAME = "$(TARGET_NAME)";
				SWIFT_VERSION = 4.0;
				TARGETED_DEVICE_FAMILY = "1,2";
			};
			name = Debug;
		};
		6DE5BCB91FE2B84A00D81BBB /* Release */ = {
			isa = XCBuildConfiguration;
			buildSettings = {
				ASSETCATALOG_COMPILER_APPICON_NAME = AppIcon;
				CODE_SIGN_STYLE = Automatic;
				INFOPLIST_FILE = ScreensEx1/Info.plist;
				LD_RUNPATH_SEARCH_PATHS = "$(inherited) @executable_path/Frameworks";
				PRODUCT_BUNDLE_IDENTIFIER = ios.hair.design.ScreensEx1;
				PRODUCT_NAME = "$(TARGET_NAME)";
				SWIFT_VERSION = 4.0;
				TARGETED_DEVICE_FAMILY = "1,2";
			};
			name = Release;
		};
/* End XCBuildConfiguration section */

/* Begin XCConfigurationList section */
		6DE5BCA01FE2B84A00D81BBB /* Build configuration list for PBXProject "ScreensEx1" */ = {
			isa = XCConfigurationList;
			buildConfigurations = (
				6DE5BCB51FE2B84A00D81BBB /* Debug */,
				6DE5BCB61FE2B84A00D81BBB /* Release */,
			);
			defaultConfigurationIsVisible = 0;
			defaultConfigurationName = Release;
		};
		6DE5BCB71FE2B84A00D81BBB /* Build configuration list for PBXNativeTarget "ScreensEx1" */ = {
			isa = XCConfigurationList;
			buildConfigurations = (
				6DE5BCB81FE2B84A00D81BBB /* Debug */,
				6DE5BCB91FE2B84A00D81BBB /* Release */,
			);
			defaultConfigurationIsVisible = 0;
			defaultConfigurationName = Release;
		};
/* End XCConfigurationList section */
	};
	rootObject = 6DE5BC9D1FE2B84A00D81BBB /* Project object */;
}
